
Microsoft Visual Studio Solution File, Format Version 12.00
# Visual Studio Version 16
VisualStudioVersion = 16.0.31515.178
MinimumVisualStudioVersion = 10.0.40219.1
Project("{9A19103F-16F7-4668-BE54-9A1E7A4F7556}") = "Kenan.AdvertisementApp.Common", "Kenan.AdvertisementApp.Common\Kenan.AdvertisementApp.Common.csproj", "{F676261D-8D30-41B8-8E58-FE3584DB70A1}"
EndProject
Project("{9A19103F-16F7-4668-BE54-9A1E7A4F7556}") = "Kenan.AdvertisementApp.Entities", "Kenan.AdvertisementApp.Entities\Kenan.AdvertisementApp.Entities.csproj", "{C65D3FCA-4976-4855-8F75-AA12A1881831}"
EndProject
Project("{9A19103F-16F7-4668-BE54-9A1E7A4F7556}") = "Kenan.AdvertisementApp.DataAccess", "Kenan.AdvertisementApp.DataAccess\Kenan.AdvertisementApp.DataAccess.csproj", "{4FA29278-4244-45D0-9CF1-1DC63EDBF4B2}"
EndProject
Project("{9A19103F-16F7-4668-BE54-9A1E7A4F7556}") = "Kenan.AdvertisementApp.Business", "Kenan.AdvertisementApp.Business\Kenan.AdvertisementApp.Business.csproj", "{9D6F0D9F-A0C1-4FC3-B627-73A9FFA24BC5}"
EndProject
Project("{9A19103F-16F7-4668-BE54-9A1E7A4F7556}") = "Kenan.AdvertisementApp.UI", "Kenan.AdvertisementApp.UI\Kenan.AdvertisementApp.UI.csproj", "{ABA74A44-515E-41B2-B18B-3CD1454FC85F}"
EndProject
Project("{9A19103F-16F7-4668-BE54-9A1E7A4F7556}") = "Kenan.AdvertisementApp.Dtos", "Kenan.AdvertisementApp.Dtos\Kenan.AdvertisementApp.Dtos.csproj", "{95336ED7-282D-499F-AEFC-4FC48FA4AA92}"
EndProject
Global
	GlobalSection(SolutionConfigurationPlatforms) = preSolution
		Debug|Any CPU = Debug|Any CPU
		Release|Any CPU = Release|Any CPU
	EndGlobalSection
	GlobalSection(ProjectConfigurationPlatforms) = postSolution
		{F676261D-8D30-41B8-8E58-FE3584DB70A1}.Debug|Any CPU.ActiveCfg = Debug|Any CPU
		{F676261D-8D30-41B8-8E58-FE3584DB70A1}.Debug|Any CPU.Build.0 = Debug|Any CPU
		{F676261D-8D30-41B8-8E58-FE3584DB70A1}.Release|Any CPU.ActiveCfg = Release|Any CPU
		{F676261D-8D30-41B8-8E58-FE3584DB70A1}.Release|Any CPU.Build.0 = Release|Any CPU
		{C65D3FCA-4976-4855-8F75-AA12A1881831}.Debug|Any CPU.ActiveCfg = Debug|Any CPU
		{C65D3FCA-4976-4855-8F75-AA12A1881831}.Debug|Any CPU.Build.0 = Debug|Any CPU
		{C65D3FCA-4976-4855-8F75-AA12A1881831}.Release|Any CPU.ActiveCfg = Release|Any CPU
		{C65D3FCA-4976-4855-8F75-AA12A1881831}.Release|Any CPU.Build.0 = Release|Any CPU
		{4FA29278-4244-45D0-9CF1-1DC63EDBF4B2}.Debug|Any CPU.ActiveCfg = Debug|Any CPU
		{4FA29278-4244-45D0-9CF1-1DC63EDBF4B2}.Debug|Any CPU.Build.0 = Debug|Any CPU
		{4FA29278-4244-45D0-9CF1-1DC63EDBF4B2}.Release|Any CPU.ActiveCfg = Release|Any CPU
		{4FA29278-4244-45D0-9CF1-1DC63EDBF4B2}.Release|Any CPU.Build.0 = Release|Any CPU
		{9D6F0D9F-A0C1-4FC3-B627-73A9FFA24BC5}.Debug|Any CPU.ActiveCfg = Debug|Any CPU
		{9D6F0D9F-A0C1-4FC3-B627-73A9FFA24BC5}.Debug|Any CPU.Build.0 = Debug|Any CPU
		{9D6F0D9F-A0C1-4FC3-B627-73A9FFA24BC5}.Release|Any CPU.ActiveCfg = Release|Any CPU
		{9D6F0D9F-A0C1-4FC3-B627-73A9FFA24BC5}.Release|Any CPU.Build.0 = Release|Any CPU
		{ABA74A44-515E-41B2-B18B-3CD1454FC85F}.Debug|Any CPU.ActiveCfg = Debug|Any CPU
		{ABA74A44-515E-41B2-B18B-3CD1454FC85F}.Debug|Any CPU.Build.0 = Debug|Any CPU
		{ABA74A44-515E-41B2-B18B-3CD1454FC85F}.Release|Any CPU.ActiveCfg = Release|Any CPU
		{ABA74A44-515E-41B2-B18B-3CD1454FC85F}.Release|Any CPU.Build.0 = Release|Any CPU
		{95336ED7-282D-499F-AEFC-4FC48FA4AA92}.Debug|Any CPU.ActiveCfg = Debug|Any CPU
		{95336ED7-282D-499F-AEFC-4FC48FA4AA92}.Debug|Any CPU.Build.0 = Debug|Any CPU
		{95336ED7-282D-499F-AEFC-4FC48FA4AA92}.Release|Any CPU.ActiveCfg = Release|Any CPU
		{95336ED7-282D-499F-AEFC-4FC48FA4AA92}.Release|Any CPU.Build.0 = Release|Any CPU
	EndGlobalSection
	GlobalSection(SolutionProperties) = preSolution
		HideSolutionNode = FALSE
	EndGlobalSection
	GlobalSection(ExtensibilityGlobals) = postSolution
		SolutionGuid = {87694AA6-1C8A-4319-8566-FBDDAE618D0A}
	EndGlobalSection
EndGlobal
